
Microsoft Visual Studio Solution File, Format Version 12.00
# Visual Studio Version 17
VisualStudioVersion = 17.0.31903.59
MinimumVisualStudioVersion = 10.0.40219.1
Project("{FAE04EC0-301F-11D3-BF4B-00C04F79EFBC}") = "Dashlink", "Dashlink\Dashlink.csproj", "{42B30FEA-4EE8-4452-8668-A7486E73EE7B}"
EndProject
Project("{FAE04EC0-301F-11D3-BF4B-00C04F79EFBC}") = "Dashlink.Tests", "Dashlink.Tests\Dashlink.Tests.csproj", "{2C4ECDB9-0B4F-440A-8E6C-5A95FD8A82EA}"
EndProject
Global
	GlobalSection(SolutionConfigurationPlatforms) = preSolution
		Debug|Any CPU = Debug|Any CPU
		Release|Any CPU = Release|Any CPU
	EndGlobalSection
	GlobalSection(SolutionProperties) = preSolution
		HideSolutionNode = FALSE
	EndGlobalSection
	GlobalSection(ProjectConfigurationPlatforms) = postSolution
		{42B30FEA-4EE8-4452-8668-A7486E73EE7B}.Debug|Any CPU.ActiveCfg = Debug|Any CPU
		{42B30FEA-4EE8-4452-8668-A7486E73EE7B}.Debug|Any CPU.Build.0 = Debug|Any CPU
		{42B30FEA-4EE8-4452-8668-A7486E73EE7B}.Release|Any CPU.ActiveCfg = Release|Any CPU
		{42B30FEA-4EE8-4452-8668-A7486E73EE7B}.Release|Any CPU.Build.0 = Release|Any CPU
		{2C4ECDB9-0B4F-440A-8E6C-5A95FD8A82EA}.Debug|Any CPU.ActiveCfg = Debug|Any CPU
		{2C4ECDB9-0B4F-440A-8E6C-5A95FD8A82EA}.Debug|Any CPU.Build.0 = Debug|Any CPU
		{2C4ECDB9-0B4F-440A-8E6C-5A95FD8A82EA}.Release|Any CPU.ActiveCfg = Release|Any CPU
		{2C4ECDB9-0B4F-440A-8E6C-5A95FD8A82EA}.Release|Any CPU.Build.0 = Release|Any CPU
	EndGlobalSection
EndGlobal
